
Microsoft Visual Studio Solution File, Format Version 12.00
# Visual Studio Version 17
VisualStudioVersion = 17.4.33213.308
MinimumVisualStudioVersion = 10.0.40219.1
Project("{FAE04EC0-301F-11D3-BF4B-00C04F79EFBC}") = "CalculateSalary", "ConsoleApp1\CalculateSalary.csproj", "{7550A3EC-454A-4392-83C1-B40BD971974F}"
EndProject
Global
	GlobalSection(SolutionConfigurationPlatforms) = preSolution
		Debug|Any CPU = Debug|Any CPU
		Release|Any CPU = Release|Any CPU
	EndGlobalSection
	GlobalSection(ProjectConfigurationPlatforms) = postSolution
		{7550A3EC-454A-4392-83C1-B40BD971974F}.Debug|Any CPU.ActiveCfg = Debug|Any CPU
		{7550A3EC-454A-4392-83C1-B40BD971974F}.Debug|Any CPU.Build.0 = Debug|Any CPU
		{7550A3EC-454A-4392-83C1-B40BD971974F}.Release|Any CPU.ActiveCfg = Release|Any CPU
		{7550A3EC-454A-4392-83C1-B40BD971974F}.Release|Any CPU.Build.0 = Release|Any CPU
	EndGlobalSection
	GlobalSection(SolutionProperties) = preSolution
		HideSolutionNode = FALSE
	EndGlobalSection
	GlobalSection(ExtensibilityGlobals) = postSolution
		SolutionGuid = {F1F4C98A-97B3-44F0-BCC8-37A113F4E39F}
	EndGlobalSection
EndGlobal
